
Microsoft Visual Studio Solution File, Format Version 12.00
# Visual Studio Version 17
VisualStudioVersion = 17.10.35013.160
MinimumVisualStudioVersion = 10.0.40219.1
Project("{FAE04EC0-301F-11D3-BF4B-00C04F79EFBC}") = "Fibonacci", "Fibonacci.csproj", "{7EF835B9-6680-4FA4-914E-592DCF350AC8}"
EndProject
Global
	GlobalSection(SolutionConfigurationPlatforms) = preSolution
		Debug|Any CPU = Debug|Any CPU
		Release|Any CPU = Release|Any CPU
	EndGlobalSection
	GlobalSection(ProjectConfigurationPlatforms) = postSolution
		{7EF835B9-6680-4FA4-914E-592DCF350AC8}.Debug|Any CPU.ActiveCfg = Debug|Any CPU
		{7EF835B9-6680-4FA4-914E-592DCF350AC8}.Debug|Any CPU.Build.0 = Debug|Any CPU
		{7EF835B9-6680-4FA4-914E-592DCF350AC8}.Release|Any CPU.ActiveCfg = Release|Any CPU
		{7EF835B9-6680-4FA4-914E-592DCF350AC8}.Release|Any CPU.Build.0 = Release|Any CPU
	EndGlobalSection
	GlobalSection(SolutionProperties) = preSolution
		HideSolutionNode = FALSE
	EndGlobalSection
	GlobalSection(ExtensibilityGlobals) = postSolution
		SolutionGuid = {A2E00A78-7710-40F2-AEC8-FC3F26C611F2}
	EndGlobalSection
EndGlobal
