
Microsoft Visual Studio Solution File, Format Version 12.00
# Visual Studio Version 17
VisualStudioVersion = 17.10.35013.160
MinimumVisualStudioVersion = 10.0.40219.1
Project("{FAE04EC0-301F-11D3-BF4B-00C04F79EFBC}") = "222_Kobzev_Busin_PR6_Bank", "222_Kobzev_Busin_PR6_Bank.csproj", "{4CE8FC17-14BC-4F01-92DA-7D0954D55794}"
EndProject
Project("{FAE04EC0-301F-11D3-BF4B-00C04F79EFBC}") = "BankTests", "..\BankTests\BankTests.csproj", "{531740B4-5F83-4967-AEE0-5AB5379F861C}"
EndProject
Global
	GlobalSection(SolutionConfigurationPlatforms) = preSolution
		Debug|Any CPU = Debug|Any CPU
		Release|Any CPU = Release|Any CPU
	EndGlobalSection
	GlobalSection(ProjectConfigurationPlatforms) = postSolution
		{4CE8FC17-14BC-4F01-92DA-7D0954D55794}.Debug|Any CPU.ActiveCfg = Debug|Any CPU
		{4CE8FC17-14BC-4F01-92DA-7D0954D55794}.Debug|Any CPU.Build.0 = Debug|Any CPU
		{4CE8FC17-14BC-4F01-92DA-7D0954D55794}.Release|Any CPU.ActiveCfg = Release|Any CPU
		{4CE8FC17-14BC-4F01-92DA-7D0954D55794}.Release|Any CPU.Build.0 = Release|Any CPU
		{531740B4-5F83-4967-AEE0-5AB5379F861C}.Debug|Any CPU.ActiveCfg = Debug|Any CPU
		{531740B4-5F83-4967-AEE0-5AB5379F861C}.Debug|Any CPU.Build.0 = Debug|Any CPU
		{531740B4-5F83-4967-AEE0-5AB5379F861C}.Release|Any CPU.ActiveCfg = Release|Any CPU
		{531740B4-5F83-4967-AEE0-5AB5379F861C}.Release|Any CPU.Build.0 = Release|Any CPU
	EndGlobalSection
	GlobalSection(SolutionProperties) = preSolution
		HideSolutionNode = FALSE
	EndGlobalSection
	GlobalSection(ExtensibilityGlobals) = postSolution
		SolutionGuid = {52AF984E-1CB1-4C20-9EC9-AA3BA210727F}
	EndGlobalSection
EndGlobal
